
Microsoft Visual Studio Solution File, Format Version 12.00
# Visual Studio Version 18
VisualStudioVersion = 18.5.11723.231 stable
MinimumVisualStudioVersion = 10.0.40219.1
Project("{FAE04EC0-301F-11D3-BF4B-00C04F79EFBC}") = "Santtoary.Shared", "Santtoary.Shared\Santtoary.Shared.csproj", "{4E1C2F38-7889-428B-94BD-2E9E78C7069A}"
EndProject
Project("{FAE04EC0-301F-11D3-BF4B-00C04F79EFBC}") = "Santtoary.API", "Santtoary.API\Santtoary.API.csproj", "{39D3A9B4-030A-4107-A6A9-F32E10FA0E2E}"
EndProject
Project("{FAE04EC0-301F-11D3-BF4B-00C04F79EFBC}") = "Santtoary.Web", "Santtoary.Web\Santtoary.Web.csproj", "{216EEFB5-E8FF-4335-B836-2A566CC4A8A5}"
EndProject
Global
	GlobalSection(SolutionConfigurationPlatforms) = preSolution
		Debug|Any CPU = Debug|Any CPU
		Release|Any CPU = Release|Any CPU
	EndGlobalSection
	GlobalSection(ProjectConfigurationPlatforms) = postSolution
		{4E1C2F38-7889-428B-94BD-2E9E78C7069A}.Debug|Any CPU.ActiveCfg = Debug|Any CPU
		{4E1C2F38-7889-428B-94BD-2E9E78C7069A}.Debug|Any CPU.Build.0 = Debug|Any CPU
		{4E1C2F38-7889-428B-94BD-2E9E78C7069A}.Release|Any CPU.ActiveCfg = Release|Any CPU
		{4E1C2F38-7889-428B-94BD-2E9E78C7069A}.Release|Any CPU.Build.0 = Release|Any CPU
		{39D3A9B4-030A-4107-A6A9-F32E10FA0E2E}.Debug|Any CPU.ActiveCfg = Debug|Any CPU
		{39D3A9B4-030A-4107-A6A9-F32E10FA0E2E}.Debug|Any CPU.Build.0 = Debug|Any CPU
		{39D3A9B4-030A-4107-A6A9-F32E10FA0E2E}.Release|Any CPU.ActiveCfg = Release|Any CPU
		{39D3A9B4-030A-4107-A6A9-F32E10FA0E2E}.Release|Any CPU.Build.0 = Release|Any CPU
		{216EEFB5-E8FF-4335-B836-2A566CC4A8A5}.Debug|Any CPU.ActiveCfg = Debug|Any CPU
		{216EEFB5-E8FF-4335-B836-2A566CC4A8A5}.Debug|Any CPU.Build.0 = Debug|Any CPU
		{216EEFB5-E8FF-4335-B836-2A566CC4A8A5}.Release|Any CPU.ActiveCfg = Release|Any CPU
		{216EEFB5-E8FF-4335-B836-2A566CC4A8A5}.Release|Any CPU.Build.0 = Release|Any CPU
	EndGlobalSection
	GlobalSection(SolutionProperties) = preSolution
		HideSolutionNode = FALSE
	EndGlobalSection
	GlobalSection(ExtensibilityGlobals) = postSolution
		SolutionGuid = {30CA41D1-A753-4658-B7CB-EBB3B95CDD41}
	EndGlobalSection
EndGlobal
